
Microsoft Visual Studio Solution File, Format Version 12.00
# Visual Studio Version 16
VisualStudioVersion = 16.0.30804.86
MinimumVisualStudioVersion = 10.0.40219.1
Project("{FAE04EC0-301F-11D3-BF4B-00C04F79EFBC}") = "DataAccess", "DataAccess\DataAccess.csproj", "{045089C6-48FB-47C2-B2DC-90DC533D44C8}"
EndProject
Project("{FAE04EC0-301F-11D3-BF4B-00C04F79EFBC}") = "Entities", "Entities\Entities.csproj", "{D7368273-EEF5-4C06-BE03-AFC9A6EEAD82}"
EndProject
Project("{FAE04EC0-301F-11D3-BF4B-00C04F79EFBC}") = "Business", "Business\Business.csproj", "{C99C3B4F-7DEF-48D7-8B49-C2EB1B53B483}"
EndProject
Project("{FAE04EC0-301F-11D3-BF4B-00C04F79EFBC}") = "ConsoleUI", "ConsoleUI\ConsoleUI.csproj", "{D4180C18-200C-4D0F-9C6A-9C2FA436E6C0}"
EndProject
Global
	GlobalSection(SolutionConfigurationPlatforms) = preSolution
		Debug|Any CPU = Debug|Any CPU
		Release|Any CPU = Release|Any CPU
	EndGlobalSection
	GlobalSection(ProjectConfigurationPlatforms) = postSolution
		{045089C6-48FB-47C2-B2DC-90DC533D44C8}.Debug|Any CPU.ActiveCfg = Debug|Any CPU
		{045089C6-48FB-47C2-B2DC-90DC533D44C8}.Debug|Any CPU.Build.0 = Debug|Any CPU
		{045089C6-48FB-47C2-B2DC-90DC533D44C8}.Release|Any CPU.ActiveCfg = Release|Any CPU
		{045089C6-48FB-47C2-B2DC-90DC533D44C8}.Release|Any CPU.Build.0 = Release|Any CPU
		{D7368273-EEF5-4C06-BE03-AFC9A6EEAD82}.Debug|Any CPU.ActiveCfg = Debug|Any CPU
		{D7368273-EEF5-4C06-BE03-AFC9A6EEAD82}.Debug|Any CPU.Build.0 = Debug|Any CPU
		{D7368273-EEF5-4C06-BE03-AFC9A6EEAD82}.Release|Any CPU.ActiveCfg = Release|Any CPU
		{D7368273-EEF5-4C06-BE03-AFC9A6EEAD82}.Release|Any CPU.Build.0 = Release|Any CPU
		{C99C3B4F-7DEF-48D7-8B49-C2EB1B53B483}.Debug|Any CPU.ActiveCfg = Debug|Any CPU
		{C99C3B4F-7DEF-48D7-8B49-C2EB1B53B483}.Debug|Any CPU.Build.0 = Debug|Any CPU
		{C99C3B4F-7DEF-48D7-8B49-C2EB1B53B483}.Release|Any CPU.ActiveCfg = Release|Any CPU
		{C99C3B4F-7DEF-48D7-8B49-C2EB1B53B483}.Release|Any CPU.Build.0 = Release|Any CPU
		{D4180C18-200C-4D0F-9C6A-9C2FA436E6C0}.Debug|Any CPU.ActiveCfg = Debug|Any CPU
		{D4180C18-200C-4D0F-9C6A-9C2FA436E6C0}.Debug|Any CPU.Build.0 = Debug|Any CPU
		{D4180C18-200C-4D0F-9C6A-9C2FA436E6C0}.Release|Any CPU.ActiveCfg = Release|Any CPU
		{D4180C18-200C-4D0F-9C6A-9C2FA436E6C0}.Release|Any CPU.Build.0 = Release|Any CPU
	EndGlobalSection
	GlobalSection(SolutionProperties) = preSolution
		HideSolutionNode = FALSE
	EndGlobalSection
	GlobalSection(ExtensibilityGlobals) = postSolution
		SolutionGuid = {F67D3301-59E9-47A5-9206-D3EE42801525}
	EndGlobalSection
EndGlobal
